// !$*UTF8*$!
{
	archiveVersion = 1;
	classes = {
	};
	objectVersion = 45;
	objects = {

/* Begin PBXBuildFile section */
		8DD76F790486A8DE00D96B5E /* CoreFoundation.framework in Frameworks */ = {isa = PBXBuildFile; fileRef = 09AB6884FE841BABC02AAC07 /* CoreFoundation.framework */; };
		C092F2700F5DB58C001871C9 /* ZBlackBerry.cpp in Sources */ = {isa = PBXBuildFile; fileRef = C092F2620F5DB58C001871C9 /* ZBlackBerry.cpp */; };
		C092F2710F5DB58C001871C9 /* ZBlackBerry_BBDevMgr.cpp in Sources */ = {isa = PBXBuildFile; fileRef = C092F2640F5DB58C001871C9 /* ZBlackBerry_BBDevMgr.cpp */; };
		C092F2720F5DB58C001871C9 /* ZBlackBerry_Client.cpp in Sources */ = {isa = PBXBuildFile; fileRef = C092F2660F5DB58C001871C9 /* ZBlackBerry_Client.cpp */; };
		C092F2730F5DB58C001871C9 /* ZBlackBerry_OSXUSB.cpp in Sources */ = {isa = PBXBuildFile; fileRef = C092F2680F5DB58C001871C9 /* ZBlackBerry_OSXUSB.cpp */; };
		C092F2740F5DB58C001871C9 /* ZBlackBerry_Streamer.cpp in Sources */ = {isa = PBXBuildFile; fileRef = C092F26A0F5DB58C001871C9 /* ZBlackBerry_Streamer.cpp */; };
		C092F2760F5DB58C001871C9 /* ZBlackBerryCOM.cpp in Sources */ = {isa = PBXBuildFile; fileRef = C092F26E0F5DB58C001871C9 /* ZBlackBerryCOM.cpp */; };
		C092F27B0F5DB5CA001871C9 /* ZAtomic.cpp in Sources */ = {isa = PBXBuildFile; fileRef = C092F2790F5DB5CA001871C9 /* ZAtomic.cpp */; };
		C092F2FF0F5DB707001871C9 /* ZByteSwap.cpp in Sources */ = {isa = PBXBuildFile; fileRef = C092F2860F5DB707001871C9 /* ZByteSwap.cpp */; };
		C092F3000F5DB707001871C9 /* ZCommandLine.cpp in Sources */ = {isa = PBXBuildFile; fileRef = C092F2880F5DB707001871C9 /* ZCommandLine.cpp */; };
		C092F3010F5DB707001871C9 /* ZCommer.cpp in Sources */ = {isa = PBXBuildFile; fileRef = C092F28A0F5DB707001871C9 /* ZCommer.cpp */; };
		C092F3020F5DB707001871C9 /* ZCompare.cpp in Sources */ = {isa = PBXBuildFile; fileRef = C092F28C0F5DB707001871C9 /* ZCompare.cpp */; };
		C092F3030F5DB707001871C9 /* ZDebug.cpp in Sources */ = {isa = PBXBuildFile; fileRef = C092F28E0F5DB707001871C9 /* ZDebug.cpp */; };
		C092F3060F5DB707001871C9 /* ZLog.cpp in Sources */ = {isa = PBXBuildFile; fileRef = C092F2940F5DB707001871C9 /* ZLog.cpp */; };
		C092F3070F5DB707001871C9 /* ZMain.cpp in Sources */ = {isa = PBXBuildFile; fileRef = C092F2960F5DB707001871C9 /* ZMain.cpp */; };
		C092F3080F5DB707001871C9 /* ZMemory.cpp in Sources */ = {isa = PBXBuildFile; fileRef = C092F2980F5DB707001871C9 /* ZMemory.cpp */; };
		C092F3090F5DB707001871C9 /* ZMemoryBlock.cpp in Sources */ = {isa = PBXBuildFile; fileRef = C092F29A0F5DB707001871C9 /* ZMemoryBlock.cpp */; };
		C092F30A0F5DB707001871C9 /* ZNet.cpp in Sources */ = {isa = PBXBuildFile; fileRef = C092F29C0F5DB707001871C9 /* ZNet.cpp */; };
		C092F30B0F5DB707001871C9 /* ZNet_Local_Socket.cpp in Sources */ = {isa = PBXBuildFile; fileRef = C092F29E0F5DB707001871C9 /* ZNet_Local_Socket.cpp */; };
		C092F30C0F5DB707001871C9 /* ZNet_Local.cpp in Sources */ = {isa = PBXBuildFile; fileRef = C092F2A00F5DB707001871C9 /* ZNet_Local.cpp */; };
		C092F30D0F5DB707001871C9 /* ZNet_Internet_WinSock.cpp in Sources */ = {isa = PBXBuildFile; fileRef = C092F2A20F5DB707001871C9 /* ZNet_Internet_WinSock.cpp */; };
		C092F30E0F5DB707001871C9 /* ZNet_Internet.cpp in Sources */ = {isa = PBXBuildFile; fileRef = C092F2A40F5DB707001871C9 /* ZNet_Internet.cpp */; };
		C092F30F0F5DB707001871C9 /* ZNet_Internet_Socket.cpp in Sources */ = {isa = PBXBuildFile; fileRef = C092F2A60F5DB707001871C9 /* ZNet_Internet_Socket.cpp */; };
		C092F3100F5DB707001871C9 /* ZRefCFType.cpp in Sources */ = {isa = PBXBuildFile; fileRef = C092F2A80F5DB707001871C9 /* ZRefCFType.cpp */; };
		C092F3110F5DB707001871C9 /* ZRefCount.cpp in Sources */ = {isa = PBXBuildFile; fileRef = C092F2AB0F5DB707001871C9 /* ZRefCount.cpp */; };
		C092F3120F5DB707001871C9 /* ZServer.cpp in Sources */ = {isa = PBXBuildFile; fileRef = C092F2AD0F5DB707001871C9 /* ZServer.cpp */; };
		C092F3130F5DB707001871C9 /* ZStdIO.cpp in Sources */ = {isa = PBXBuildFile; fileRef = C092F2B10F5DB707001871C9 /* ZStdIO.cpp */; };
		C092F3140F5DB707001871C9 /* ZStream.cpp in Sources */ = {isa = PBXBuildFile; fileRef = C092F2B20F5DB707001871C9 /* ZStream.cpp */; };
		C092F3150F5DB707001871C9 /* ZStream_Filter.cpp in Sources */ = {isa = PBXBuildFile; fileRef = C092F2B40F5DB707001871C9 /* ZStream_Filter.cpp */; };
		C092F3170F5DB707001871C9 /* ZStream_Limited.cpp in Sources */ = {isa = PBXBuildFile; fileRef = C092F2B80F5DB707001871C9 /* ZStream_Limited.cpp */; };
		C092F3180F5DB707001871C9 /* ZStream_Memory.cpp in Sources */ = {isa = PBXBuildFile; fileRef = C092F2BA0F5DB707001871C9 /* ZStream_Memory.cpp */; };
		C092F3190F5DB707001871C9 /* ZStream_POSIX.cpp in Sources */ = {isa = PBXBuildFile; fileRef = C092F2BC0F5DB707001871C9 /* ZStream_POSIX.cpp */; };
		C092F31A0F5DB707001871C9 /* ZStream_SHA1.cpp in Sources */ = {isa = PBXBuildFile; fileRef = C092F2BE0F5DB707001871C9 /* ZStream_SHA1.cpp */; };
		C092F31B0F5DB707001871C9 /* ZStreamer.cpp in Sources */ = {isa = PBXBuildFile; fileRef = C092F2C00F5DB707001871C9 /* ZStreamer.cpp */; };
		C092F31D0F5DB707001871C9 /* ZStreamReader.cpp in Sources */ = {isa = PBXBuildFile; fileRef = C092F2C40F5DB707001871C9 /* ZStreamReader.cpp */; };
		C092F31E0F5DB707001871C9 /* ZStreamWriter.cpp in Sources */ = {isa = PBXBuildFile; fileRef = C092F2C60F5DB707001871C9 /* ZStreamWriter.cpp */; };
		C092F31F0F5DB707001871C9 /* ZStrim.cpp in Sources */ = {isa = PBXBuildFile; fileRef = C092F2C80F5DB707001871C9 /* ZStrim.cpp */; };
		C092F3230F5DB707001871C9 /* ZStrim_Stream.cpp in Sources */ = {isa = PBXBuildFile; fileRef = C092F2D00F5DB707001871C9 /* ZStrim_Stream.cpp */; };
		C092F3240F5DB707001871C9 /* ZString.cpp in Sources */ = {isa = PBXBuildFile; fileRef = C092F2D20F5DB707001871C9 /* ZString.cpp */; };
		C092F3250F5DB707001871C9 /* ZThread.cpp in Sources */ = {isa = PBXBuildFile; fileRef = C092F2D40F5DB707001871C9 /* ZThread.cpp */; };
		C092F3260F5DB707001871C9 /* ZThreadImp_pthread.cpp in Sources */ = {isa = PBXBuildFile; fileRef = C092F2D60F5DB707001871C9 /* ZThreadImp_pthread.cpp */; };
		C092F3270F5DB707001871C9 /* ZThreadImp.cpp in Sources */ = {isa = PBXBuildFile; fileRef = C092F2D90F5DB707001871C9 /* ZThreadImp.cpp */; };
		C092F3280F5DB707001871C9 /* ZTime.cpp in Sources */ = {isa = PBXBuildFile; fileRef = C092F2DB0F5DB707001871C9 /* ZTime.cpp */; };
		C092F32A0F5DB707001871C9 /* ZTrail.cpp in Sources */ = {isa = PBXBuildFile; fileRef = C092F2DF0F5DB707001871C9 /* ZTrail.cpp */; };
		C092F32C0F5DB707001871C9 /* ZTypes.cpp in Sources */ = {isa = PBXBuildFile; fileRef = C092F2E30F5DB707001871C9 /* ZTypes.cpp */; };
		C092F32D0F5DB707001871C9 /* ZUnicode.cpp in Sources */ = {isa = PBXBuildFile; fileRef = C092F2E50F5DB707001871C9 /* ZUnicode.cpp */; };
		C092F32E0F5DB707001871C9 /* ZUSB_OSX.cpp in Sources */ = {isa = PBXBuildFile; fileRef = C092F2E90F5DB707001871C9 /* ZUSB_OSX.cpp */; };
		C092F32F0F5DB707001871C9 /* ZUtil_Debug.cpp in Sources */ = {isa = PBXBuildFile; fileRef = C092F2EB0F5DB707001871C9 /* ZUtil_Debug.cpp */; };
		C092F3310F5DB707001871C9 /* ZUtil_Strim_Data.cpp in Sources */ = {isa = PBXBuildFile; fileRef = C092F2EF0F5DB707001871C9 /* ZUtil_Strim_Data.cpp */; };
		C092F3340F5DB707001871C9 /* ZUtil_Win.cpp in Sources */ = {isa = PBXBuildFile; fileRef = C092F2F50F5DB707001871C9 /* ZUtil_Win.cpp */; };
		C092F3350F5DB707001871C9 /* ZWinCOM.cpp in Sources */ = {isa = PBXBuildFile; fileRef = C092F2F70F5DB707001871C9 /* ZWinCOM.cpp */; };
		C092F33B0F5DB71F001871C9 /* BBDaemon_Main.cpp in Sources */ = {isa = PBXBuildFile; fileRef = C092F33A0F5DB71F001871C9 /* BBDaemon_Main.cpp */; };
		C092F34E0F5DB85C001871C9 /* ZNet_Socket.cpp in Sources */ = {isa = PBXBuildFile; fileRef = C092F34C0F5DB85C001871C9 /* ZNet_Socket.cpp */; };
		C092F3570F5DB88D001871C9 /* IOKit.framework in Frameworks */ = {isa = PBXBuildFile; fileRef = C092F3560F5DB88D001871C9 /* IOKit.framework */; };
		C092F4340F5DB8BA001871C9 /* ZBlackBerryServer.cpp in Sources */ = {isa = PBXBuildFile; fileRef = C092F4320F5DB8BA001871C9 /* ZBlackBerryServer.cpp */; };
		C09351230F69A2BF00E7E50D /* ZStreamCopier.cpp in Sources */ = {isa = PBXBuildFile; fileRef = C092F2C20F5DB707001871C9 /* ZStreamCopier.cpp */; };
		C09351440F69A37D00E7E50D /* ZFile_POSIX.cpp in Sources */ = {isa = PBXBuildFile; fileRef = C092F2920F5DB707001871C9 /* ZFile_POSIX.cpp */; };
		C09351450F69A37E00E7E50D /* ZFile.cpp in Sources */ = {isa = PBXBuildFile; fileRef = C092F2900F5DB707001871C9 /* ZFile.cpp */; };
		C09351DA0F69AD8300E7E50D /* ZUtil_Time.cpp in Sources */ = {isa = PBXBuildFile; fileRef = C092F2F30F5DB707001871C9 /* ZUtil_Time.cpp */; };
		C09351E90F69AEE700E7E50D /* ZStreamW_HexStrim.cpp in Sources */ = {isa = PBXBuildFile; fileRef = C09351E70F69AEE700E7E50D /* ZStreamW_HexStrim.cpp */; };
/* End PBXBuildFile section */

/* Begin PBXCopyFilesBuildPhase section */
		8DD76F7B0486A8DE00D96B5E /* CopyFiles */ = {
			isa = PBXCopyFilesBuildPhase;
			buildActionMask = 8;
			dstPath = /usr/share/man/man1/;
			dstSubfolderSpec = 0;
			files = (
			);
			runOnlyForDeploymentPostprocessing = 1;
		};
/* End PBXCopyFilesBuildPhase section */

/* Begin PBXFileReference section */
		09AB6884FE841BABC02AAC07 /* CoreFoundation.framework */ = {isa = PBXFileReference; lastKnownFileType = wrapper.framework; name = CoreFoundation.framework; path = /System/Library/Frameworks/CoreFoundation.framework; sourceTree = "<absolute>"; };
		8DD76F7E0486A8DE00D96B5E /* BBDaemon */ = {isa = PBXFileReference; explicitFileType = "compiled.mach-o.executable"; includeInIndex = 0; path = BBDaemon; sourceTree = BUILT_PRODUCTS_DIR; };
		C092F2620F5DB58C001871C9 /* ZBlackBerry.cpp */ = {isa = PBXFileReference; fileEncoding = 4; lastKnownFileType = sourcecode.cpp.cpp; name = ZBlackBerry.cpp; path = zoolib/ZBlackBerry.cpp; sourceTree = "<group>"; };
		C092F2630F5DB58C001871C9 /* ZBlackBerry.h */ = {isa = PBXFileReference; fileEncoding = 4; lastKnownFileType = sourcecode.c.h; name = ZBlackBerry.h; path = zoolib/ZBlackBerry.h; sourceTree = "<group>"; };
		C092F2640F5DB58C001871C9 /* ZBlackBerry_BBDevMgr.cpp */ = {isa = PBXFileReference; fileEncoding = 4; lastKnownFileType = sourcecode.cpp.cpp; name = ZBlackBerry_BBDevMgr.cpp; path = zoolib/ZBlackBerry_BBDevMgr.cpp; sourceTree = "<group>"; };
		C092F2650F5DB58C001871C9 /* ZBlackBerry_BBDevMgr.h */ = {isa = PBXFileReference; fileEncoding = 4; lastKnownFileType = sourcecode.c.h; name = ZBlackBerry_BBDevMgr.h; path = zoolib/ZBlackBerry_BBDevMgr.h; sourceTree = "<group>"; };
		C092F2660F5DB58C001871C9 /* ZBlackBerry_Client.cpp */ = {isa = PBXFileReference; fileEncoding = 4; lastKnownFileType = sourcecode.cpp.cpp; name = ZBlackBerry_Client.cpp; path = zoolib/ZBlackBerry_Client.cpp; sourceTree = "<group>"; };
		C092F2670F5DB58C001871C9 /* ZBlackBerry_Client.h */ = {isa = PBXFileReference; fileEncoding = 4; lastKnownFileType = sourcecode.c.h; name = ZBlackBerry_Client.h; path = zoolib/ZBlackBerry_Client.h; sourceTree = "<group>"; };
		C092F2680F5DB58C001871C9 /* ZBlackBerry_OSXUSB.cpp */ = {isa = PBXFileReference; fileEncoding = 4; lastKnownFileType = sourcecode.cpp.cpp; name = ZBlackBerry_OSXUSB.cpp; path = zoolib/ZBlackBerry_OSXUSB.cpp; sourceTree = "<group>"; };
		C092F2690F5DB58C001871C9 /* ZBlackBerry_OSXUSB.h */ = {isa = PBXFileReference; fileEncoding = 4; lastKnownFileType = sourcecode.c.h; name = ZBlackBerry_OSXUSB.h; path = zoolib/ZBlackBerry_OSXUSB.h; sourceTree = "<group>"; };
		C092F26A0F5DB58C001871C9 /* ZBlackBerry_Streamer.cpp */ = {isa = PBXFileReference; fileEncoding = 4; lastKnownFileType = sourcecode.cpp.cpp; name = ZBlackBerry_Streamer.cpp; path = zoolib/ZBlackBerry_Streamer.cpp; sourceTree = "<group>"; };
		C092F26B0F5DB58C001871C9 /* ZBlackBerry_Streamer.h */ = {isa = PBXFileReference; fileEncoding = 4; lastKnownFileType = sourcecode.c.h; name = ZBlackBerry_Streamer.h; path = zoolib/ZBlackBerry_Streamer.h; sourceTree = "<group>"; };
		C092F26E0F5DB58C001871C9 /* ZBlackBerryCOM.cpp */ = {isa = PBXFileReference; fileEncoding = 4; lastKnownFileType = sourcecode.cpp.cpp; name = ZBlackBerryCOM.cpp; path = zoolib/ZBlackBerryCOM.cpp; sourceTree = "<group>"; };
		C092F26F0F5DB58C001871C9 /* ZBlackBerryCOM.h */ = {isa = PBXFileReference; fileEncoding = 4; lastKnownFileType = sourcecode.c.h; name = ZBlackBerryCOM.h; path = zoolib/ZBlackBerryCOM.h; sourceTree = "<group>"; };
		C092F2790F5DB5CA001871C9 /* ZAtomic.cpp */ = {isa = PBXFileReference; fileEncoding = 4; lastKnownFileType = sourcecode.cpp.cpp; name = ZAtomic.cpp; path = zoolib/ZAtomic.cpp; sourceTree = "<group>"; };
		C092F27A0F5DB5CA001871C9 /* ZAtomic.h */ = {isa = PBXFileReference; fileEncoding = 4; lastKnownFileType = sourcecode.c.h; name = ZAtomic.h; path = zoolib/ZAtomic.h; sourceTree = "<group>"; };
		C092F2860F5DB707001871C9 /* ZByteSwap.cpp */ = {isa = PBXFileReference; fileEncoding = 4; lastKnownFileType = sourcecode.cpp.cpp; name = ZByteSwap.cpp; path = zoolib/ZByteSwap.cpp; sourceTree = "<group>"; };
		C092F2870F5DB707001871C9 /* ZByteSwap.h */ = {isa = PBXFileReference; fileEncoding = 4; lastKnownFileType = sourcecode.c.h; name = ZByteSwap.h; path = zoolib/ZByteSwap.h; sourceTree = "<group>"; };
		C092F2880F5DB707001871C9 /* ZCommandLine.cpp */ = {isa = PBXFileReference; fileEncoding = 4; lastKnownFileType = sourcecode.cpp.cpp; name = ZCommandLine.cpp; path = zoolib/ZCommandLine.cpp; sourceTree = "<group>"; };
		C092F2890F5DB707001871C9 /* ZCommandLine.h */ = {isa = PBXFileReference; fileEncoding = 4; lastKnownFileType = sourcecode.c.h; name = ZCommandLine.h; path = zoolib/ZCommandLine.h; sourceTree = "<group>"; };
		C092F28A0F5DB707001871C9 /* ZCommer.cpp */ = {isa = PBXFileReference; fileEncoding = 4; lastKnownFileType = sourcecode.cpp.cpp; name = ZCommer.cpp; path = zoolib/ZCommer.cpp; sourceTree = "<group>"; };
		C092F28B0F5DB707001871C9 /* ZCommer.h */ = {isa = PBXFileReference; fileEncoding = 4; lastKnownFileType = sourcecode.c.h; name = ZCommer.h; path = zoolib/ZCommer.h; sourceTree = "<group>"; };
		C092F28C0F5DB707001871C9 /* ZCompare.cpp */ = {isa = PBXFileReference; fileEncoding = 4; lastKnownFileType = sourcecode.cpp.cpp; name = ZCompare.cpp; path = zoolib/ZCompare.cpp; sourceTree = "<group>"; };
		C092F28D0F5DB707001871C9 /* ZCompare.h */ = {isa = PBXFileReference; fileEncoding = 4; lastKnownFileType = sourcecode.c.h; name = ZCompare.h; path = zoolib/ZCompare.h; sourceTree = "<group>"; };
		C092F28E0F5DB707001871C9 /* ZDebug.cpp */ = {isa = PBXFileReference; fileEncoding = 4; lastKnownFileType = sourcecode.cpp.cpp; name = ZDebug.cpp; path = zoolib/ZDebug.cpp; sourceTree = "<group>"; };
		C092F28F0F5DB707001871C9 /* ZDebug.h */ = {isa = PBXFileReference; fileEncoding = 4; lastKnownFileType = sourcecode.c.h; name = ZDebug.h; path = zoolib/ZDebug.h; sourceTree = "<group>"; };
		C092F2900F5DB707001871C9 /* ZFile.cpp */ = {isa = PBXFileReference; fileEncoding = 4; lastKnownFileType = sourcecode.cpp.cpp; name = ZFile.cpp; path = zoolib/ZFile.cpp; sourceTree = "<group>"; };
		C092F2910F5DB707001871C9 /* ZFile.h */ = {isa = PBXFileReference; fileEncoding = 4; lastKnownFileType = sourcecode.c.h; name = ZFile.h; path = zoolib/ZFile.h; sourceTree = "<group>"; };
		C092F2920F5DB707001871C9 /* ZFile_POSIX.cpp */ = {isa = PBXFileReference; fileEncoding = 4; lastKnownFileType = sourcecode.cpp.cpp; name = ZFile_POSIX.cpp; path = zoolib/ZFile_POSIX.cpp; sourceTree = "<group>"; };
		C092F2930F5DB707001871C9 /* ZFile_POSIX.h */ = {isa = PBXFileReference; fileEncoding = 4; lastKnownFileType = sourcecode.c.h; name = ZFile_POSIX.h; path = zoolib/ZFile_POSIX.h; sourceTree = "<group>"; };
		C092F2940F5DB707001871C9 /* ZLog.cpp */ = {isa = PBXFileReference; fileEncoding = 4; lastKnownFileType = sourcecode.cpp.cpp; name = ZLog.cpp; path = zoolib/ZLog.cpp; sourceTree = "<group>"; };
		C092F2950F5DB707001871C9 /* ZLog.h */ = {isa = PBXFileReference; fileEncoding = 4; lastKnownFileType = sourcecode.c.h; name = ZLog.h; path = zoolib/ZLog.h; sourceTree = "<group>"; };
		C092F2960F5DB707001871C9 /* ZMain.cpp */ = {isa = PBXFileReference; fileEncoding = 4; lastKnownFileType = sourcecode.cpp.cpp; name = ZMain.cpp; path = zoolib/ZMain.cpp; sourceTree = "<group>"; };
		C092F2970F5DB707001871C9 /* ZMain.h */ = {isa = PBXFileReference; fileEncoding = 4; lastKnownFileType = sourcecode.c.h; name = ZMain.h; path = zoolib/ZMain.h; sourceTree = "<group>"; };
		C092F2980F5DB707001871C9 /* ZMemory.cpp */ = {isa = PBXFileReference; fileEncoding = 4; lastKnownFileType = sourcecode.cpp.cpp; name = ZMemory.cpp; path = zoolib/ZMemory.cpp; sourceTree = "<group>"; };
		C092F2990F5DB707001871C9 /* ZMemory.h */ = {isa = PBXFileReference; fileEncoding = 4; lastKnownFileType = sourcecode.c.h; name = ZMemory.h; path = zoolib/ZMemory.h; sourceTree = "<group>"; };
		C092F29A0F5DB707001871C9 /* ZMemoryBlock.cpp */ = {isa = PBXFileReference; fileEncoding = 4; lastKnownFileType = sourcecode.cpp.cpp; name = ZMemoryBlock.cpp; path = zoolib/ZMemoryBlock.cpp; sourceTree = "<group>"; };
		C092F29B0F5DB707001871C9 /* ZMemoryBlock.h */ = {isa = PBXFileReference; fileEncoding = 4; lastKnownFileType = sourcecode.c.h; name = ZMemoryBlock.h; path = zoolib/ZMemoryBlock.h; sourceTree = "<group>"; };
		C092F29C0F5DB707001871C9 /* ZNet.cpp */ = {isa = PBXFileReference; fileEncoding = 4; lastKnownFileType = sourcecode.cpp.cpp; name = ZNet.cpp; path = zoolib/ZNet.cpp; sourceTree = "<group>"; };
		C092F29D0F5DB707001871C9 /* ZNet.h */ = {isa = PBXFileReference; fileEncoding = 4; lastKnownFileType = sourcecode.c.h; name = ZNet.h; path = zoolib/ZNet.h; sourceTree = "<group>"; };
		C092F29E0F5DB707001871C9 /* ZNet_Local_Socket.cpp */ = {isa = PBXFileReference; fileEncoding = 4; lastKnownFileType = sourcecode.cpp.cpp; name = ZNet_Local_Socket.cpp; path = zoolib/ZNet_Local_Socket.cpp; sourceTree = "<group>"; };
		C092F29F0F5DB707001871C9 /* ZNet_Local_Socket.h */ = {isa = PBXFileReference; fileEncoding = 4; lastKnownFileType = sourcecode.c.h; name = ZNet_Local_Socket.h; path = zoolib/ZNet_Local_Socket.h; sourceTree = "<group>"; };
		C092F2A00F5DB707001871C9 /* ZNet_Local.cpp */ = {isa = PBXFileReference; fileEncoding = 4; lastKnownFileType = sourcecode.cpp.cpp; name = ZNet_Local.cpp; path = zoolib/ZNet_Local.cpp; sourceTree = "<group>"; };
		C092F2A10F5DB707001871C9 /* ZNet_Local.h */ = {isa = PBXFileReference; fileEncoding = 4; lastKnownFileType = sourcecode.c.h; name = ZNet_Local.h; path = zoolib/ZNet_Local.h; sourceTree = "<group>"; };
		C092F2A20F5DB707001871C9 /* ZNet_Internet_WinSock.cpp */ = {isa = PBXFileReference; fileEncoding = 4; lastKnownFileType = sourcecode.cpp.cpp; name = ZNet_Internet_WinSock.cpp; path = zoolib/ZNet_Internet_WinSock.cpp; sourceTree = "<group>"; };
		C092F2A30F5DB707001871C9 /* ZNet_Internet_WinSock.h */ = {isa = PBXFileReference; fileEncoding = 4; lastKnownFileType = sourcecode.c.h; name = ZNet_Internet_WinSock.h; path = zoolib/ZNet_Internet_WinSock.h; sourceTree = "<group>"; };
		C092F2A40F5DB707001871C9 /* ZNet_Internet.cpp */ = {isa = PBXFileReference; fileEncoding = 4; lastKnownFileType = sourcecode.cpp.cpp; name = ZNet_Internet.cpp; path = zoolib/ZNet_Internet.cpp; sourceTree = "<group>"; };
		C092F2A50F5DB707001871C9 /* ZNet_Internet.h */ = {isa = PBXFileReference; fileEncoding = 4; lastKnownFileType = sourcecode.c.h; name = ZNet_Internet.h; path = zoolib/ZNet_Internet.h; sourceTree = "<group>"; };
		C092F2A60F5DB707001871C9 /* ZNet_Internet_Socket.cpp */ = {isa = PBXFileReference; fileEncoding = 4; lastKnownFileType = sourcecode.cpp.cpp; name = ZNet_Internet_Socket.cpp; path = zoolib/ZNet_Internet_Socket.cpp; sourceTree = "<group>"; };
		C092F2A70F5DB707001871C9 /* ZNet_Internet_Socket.h */ = {isa = PBXFileReference; fileEncoding = 4; lastKnownFileType = sourcecode.c.h; name = ZNet_Internet_Socket.h; path = zoolib/ZNet_Internet_Socket.h; sourceTree = "<group>"; };
		C092F2A80F5DB707001871C9 /* ZRefCFType.cpp */ = {isa = PBXFileReference; fileEncoding = 4; lastKnownFileType = sourcecode.cpp.cpp; name = ZRefCFType.cpp; path = zoolib/ZRefCFType.cpp; sourceTree = "<group>"; };
		C092F2A90F5DB707001871C9 /* ZRefCFType.h */ = {isa = PBXFileReference; fileEncoding = 4; lastKnownFileType = sourcecode.c.h; name = ZRefCFType.h; path = zoolib/ZRefCFType.h; sourceTree = "<group>"; };
		C092F2AA0F5DB707001871C9 /* ZRef.h */ = {isa = PBXFileReference; fileEncoding = 4; lastKnownFileType = sourcecode.c.h; name = ZRef.h; path = zoolib/ZRef.h; sourceTree = "<group>"; };
		C092F2AB0F5DB707001871C9 /* ZRefCount.cpp */ = {isa = PBXFileReference; fileEncoding = 4; lastKnownFileType = sourcecode.cpp.cpp; name = ZRefCount.cpp; path = zoolib/ZRefCount.cpp; sourceTree = "<group>"; };
		C092F2AC0F5DB707001871C9 /* ZRefCount.h */ = {isa = PBXFileReference; fileEncoding = 4; lastKnownFileType = sourcecode.c.h; name = ZRefCount.h; path = zoolib/ZRefCount.h; sourceTree = "<group>"; };
		C092F2AD0F5DB707001871C9 /* ZServer.cpp */ = {isa = PBXFileReference; fileEncoding = 4; lastKnownFileType = sourcecode.cpp.cpp; name = ZServer.cpp; path = zoolib/ZServer.cpp; sourceTree = "<group>"; };
		C092F2AE0F5DB707001871C9 /* ZServer.h */ = {isa = PBXFileReference; fileEncoding = 4; lastKnownFileType = sourcecode.c.h; name = ZServer.h; path = zoolib/ZServer.h; sourceTree = "<group>"; };
		C092F2AF0F5DB707001871C9 /* ZStdIO.h */ = {isa = PBXFileReference; fileEncoding = 4; lastKnownFileType = sourcecode.c.h; name = ZStdIO.h; path = zoolib/ZStdIO.h; sourceTree = "<group>"; };
		C092F2B00F5DB707001871C9 /* ZStdInt.h */ = {isa = PBXFileReference; fileEncoding = 4; lastKnownFileType = sourcecode.c.h; name = ZStdInt.h; path = zoolib/ZStdInt.h; sourceTree = "<group>"; };
		C092F2B10F5DB707001871C9 /* ZStdIO.cpp */ = {isa = PBXFileReference; fileEncoding = 4; lastKnownFileType = sourcecode.cpp.cpp; name = ZStdIO.cpp; path = zoolib/ZStdIO.cpp; sourceTree = "<group>"; };
		C092F2B20F5DB707001871C9 /* ZStream.cpp */ = {isa = PBXFileReference; fileEncoding = 4; lastKnownFileType = sourcecode.cpp.cpp; name = ZStream.cpp; path = zoolib/ZStream.cpp; sourceTree = "<group>"; };
		C092F2B30F5DB707001871C9 /* ZStream.h */ = {isa = PBXFileReference; fileEncoding = 4; lastKnownFileType = sourcecode.c.h; name = ZStream.h; path = zoolib/ZStream.h; sourceTree = "<group>"; };
		C092F2B40F5DB707001871C9 /* ZStream_Filter.cpp */ = {isa = PBXFileReference; fileEncoding = 4; lastKnownFileType = sourcecode.cpp.cpp; name = ZStream_Filter.cpp; path = zoolib/ZStream_Filter.cpp; sourceTree = "<group>"; };
		C092F2B50F5DB707001871C9 /* ZStream_Filter.h */ = {isa = PBXFileReference; fileEncoding = 4; lastKnownFileType = sourcecode.c.h; name = ZStream_Filter.h; path = zoolib/ZStream_Filter.h; sourceTree = "<group>"; };
		C092F2B70F5DB707001871C9 /* ZStream_HexStrim.h */ = {isa = PBXFileReference; fileEncoding = 4; lastKnownFileType = sourcecode.c.h; name = ZStream_HexStrim.h; path = zoolib/ZStream_HexStrim.h; sourceTree = "<group>"; };
		C092F2B80F5DB707001871C9 /* ZStream_Limited.cpp */ = {isa = PBXFileReference; fileEncoding = 4; lastKnownFileType = sourcecode.cpp.cpp; name = ZStream_Limited.cpp; path = zoolib/ZStream_Limited.cpp; sourceTree = "<group>"; };
		C092F2B90F5DB707001871C9 /* ZStream_Limited.h */ = {isa = PBXFileReference; fileEncoding = 4; lastKnownFileType = sourcecode.c.h; name = ZStream_Limited.h; path = zoolib/ZStream_Limited.h; sourceTree = "<group>"; };
		C092F2BA0F5DB707001871C9 /* ZStream_Memory.cpp */ = {isa = PBXFileReference; fileEncoding = 4; lastKnownFileType = sourcecode.cpp.cpp; name = ZStream_Memory.cpp; path = zoolib/ZStream_Memory.cpp; sourceTree = "<group>"; };
		C092F2BB0F5DB707001871C9 /* ZStream_Memory.h */ = {isa = PBXFileReference; fileEncoding = 4; lastKnownFileType = sourcecode.c.h; name = ZStream_Memory.h; path = zoolib/ZStream_Memory.h; sourceTree = "<group>"; };
		C092F2BC0F5DB707001871C9 /* ZStream_POSIX.cpp */ = {isa = PBXFileReference; fileEncoding = 4; lastKnownFileType = sourcecode.cpp.cpp; name = ZStream_POSIX.cpp; path = zoolib/ZStream_POSIX.cpp; sourceTree = "<group>"; };
		C092F2BD0F5DB707001871C9 /* ZStream_POSIX.h */ = {isa = PBXFileReference; fileEncoding = 4; lastKnownFileType = sourcecode.c.h; name = ZStream_POSIX.h; path = zoolib/ZStream_POSIX.h; sourceTree = "<group>"; };
		C092F2BE0F5DB707001871C9 /* ZStream_SHA1.cpp */ = {isa = PBXFileReference; fileEncoding = 4; lastKnownFileType = sourcecode.cpp.cpp; name = ZStream_SHA1.cpp; path = zoolib/ZStream_SHA1.cpp; sourceTree = "<group>"; };
		C092F2BF0F5DB707001871C9 /* ZStream_SHA1.h */ = {isa = PBXFileReference; fileEncoding = 4; lastKnownFileType = sourcecode.c.h; name = ZStream_SHA1.h; path = zoolib/ZStream_SHA1.h; sourceTree = "<group>"; };
		C092F2C00F5DB707001871C9 /* ZStreamer.cpp */ = {isa = PBXFileReference; fileEncoding = 4; lastKnownFileType = sourcecode.cpp.cpp; name = ZStreamer.cpp; path = zoolib/ZStreamer.cpp; sourceTree = "<group>"; };
		C092F2C10F5DB707001871C9 /* ZStreamer.h */ = {isa = PBXFileReference; fileEncoding = 4; lastKnownFileType = sourcecode.c.h; name = ZStreamer.h; path = zoolib/ZStreamer.h; sourceTree = "<group>"; };
		C092F2C20F5DB707001871C9 /* ZStreamCopier.cpp */ = {isa = PBXFileReference; fileEncoding = 4; lastKnownFileType = sourcecode.cpp.cpp; name = ZStreamCopier.cpp; path = zoolib/ZStreamCopier.cpp; sourceTree = "<group>"; };
		C092F2C30F5DB707001871C9 /* ZStreamCopier.h */ = {isa = PBXFileReference; fileEncoding = 4; lastKnownFileType = sourcecode.c.h; name = ZStreamCopier.h; path = zoolib/ZStreamCopier.h; sourceTree = "<group>"; };
		C092F2C40F5DB707001871C9 /* ZStreamReader.cpp */ = {isa = PBXFileReference; fileEncoding = 4; lastKnownFileType = sourcecode.cpp.cpp; name = ZStreamReader.cpp; path = zoolib/ZStreamReader.cpp; sourceTree = "<group>"; };
		C092F2C50F5DB707001871C9 /* ZStreamReader.h */ = {isa = PBXFileReference; fileEncoding = 4; lastKnownFileType = sourcecode.c.h; name = ZStreamReader.h; path = zoolib/ZStreamReader.h; sourceTree = "<group>"; };
		C092F2C60F5DB707001871C9 /* ZStreamWriter.cpp */ = {isa = PBXFileReference; fileEncoding = 4; lastKnownFileType = sourcecode.cpp.cpp; name = ZStreamWriter.cpp; path = zoolib/ZStreamWriter.cpp; sourceTree = "<group>"; };
		C092F2C70F5DB707001871C9 /* ZStreamWriter.h */ = {isa = PBXFileReference; fileEncoding = 4; lastKnownFileType = sourcecode.c.h; name = ZStreamWriter.h; path = zoolib/ZStreamWriter.h; sourceTree = "<group>"; };
		C092F2C80F5DB707001871C9 /* ZStrim.cpp */ = {isa = PBXFileReference; fileEncoding = 4; lastKnownFileType = sourcecode.cpp.cpp; name = ZStrim.cpp; path = zoolib/ZStrim.cpp; sourceTree = "<group>"; };
		C092F2C90F5DB707001871C9 /* ZStrim.h */ = {isa = PBXFileReference; fileEncoding = 4; lastKnownFileType = sourcecode.c.h; name = ZStrim.h; path = zoolib/ZStrim.h; sourceTree = "<group>"; };
		C092F2D00F5DB707001871C9 /* ZStrim_Stream.cpp */ = {isa = PBXFileReference; fileEncoding = 4; lastKnownFileType = sourcecode.cpp.cpp; name = ZStrim_Stream.cpp; path = zoolib/ZStrim_Stream.cpp; sourceTree = "<group>"; };
		C092F2D10F5DB707001871C9 /* ZStrim_Stream.h */ = {isa = PBXFileReference; fileEncoding = 4; lastKnownFileType = sourcecode.c.h; name = ZStrim_Stream.h; path = zoolib/ZStrim_Stream.h; sourceTree = "<group>"; };
		C092F2D20F5DB707001871C9 /* ZString.cpp */ = {isa = PBXFileReference; fileEncoding = 4; lastKnownFileType = sourcecode.cpp.cpp; name = ZString.cpp; path = zoolib/ZString.cpp; sourceTree = "<group>"; };
		C092F2D30F5DB707001871C9 /* ZString.h */ = {isa = PBXFileReference; fileEncoding = 4; lastKnownFileType = sourcecode.c.h; name = ZString.h; path = zoolib/ZString.h; sourceTree = "<group>"; };
		C092F2D40F5DB707001871C9 /* ZThread.cpp */ = {isa = PBXFileReference; fileEncoding = 4; lastKnownFileType = sourcecode.cpp.cpp; name = ZThread.cpp; path = zoolib/ZThread.cpp; sourceTree = "<group>"; };
		C092F2D50F5DB707001871C9 /* ZThread.h */ = {isa = PBXFileReference; fileEncoding = 4; lastKnownFileType = sourcecode.c.h; name = ZThread.h; path = zoolib/ZThread.h; sourceTree = "<group>"; };
		C092F2D60F5DB707001871C9 /* ZThreadImp_pthread.cpp */ = {isa = PBXFileReference; fileEncoding = 4; lastKnownFileType = sourcecode.cpp.cpp; name = ZThreadImp_pthread.cpp; path = zoolib/ZThreadImp_pthread.cpp; sourceTree = "<group>"; };
		C092F2D70F5DB707001871C9 /* ZThreadImp_pthread.h */ = {isa = PBXFileReference; fileEncoding = 4; lastKnownFileType = sourcecode.c.h; name = ZThreadImp_pthread.h; path = zoolib/ZThreadImp_pthread.h; sourceTree = "<group>"; };
		C092F2D80F5DB707001871C9 /* ZThreadImp_T.h */ = {isa = PBXFileReference; fileEncoding = 4; lastKnownFileType = sourcecode.c.h; name = ZThreadImp_T.h; path = zoolib/ZThreadImp_T.h; sourceTree = "<group>"; };
		C092F2D90F5DB707001871C9 /* ZThreadImp.cpp */ = {isa = PBXFileReference; fileEncoding = 4; lastKnownFileType = sourcecode.cpp.cpp; name = ZThreadImp.cpp; path = zoolib/ZThreadImp.cpp; sourceTree = "<group>"; };
		C092F2DA0F5DB707001871C9 /* ZThreadImp.h */ = {isa = PBXFileReference; fileEncoding = 4; lastKnownFileType = sourcecode.c.h; name = ZThreadImp.h; path = zoolib/ZThreadImp.h; sourceTree = "<group>"; };
		C092F2DB0F5DB707001871C9 /* ZTime.cpp */ = {isa = PBXFileReference; fileEncoding = 4; lastKnownFileType = sourcecode.cpp.cpp; name = ZTime.cpp; path = zoolib/ZTime.cpp; sourceTree = "<group>"; };
		C092F2DC0F5DB707001871C9 /* ZTime.h */ = {isa = PBXFileReference; fileEncoding = 4; lastKnownFileType = sourcecode.c.h; name = ZTime.h; path = zoolib/ZTime.h; sourceTree = "<group>"; };
		C092F2DF0F5DB707001871C9 /* ZTrail.cpp */ = {isa = PBXFileReference; fileEncoding = 4; lastKnownFileType = sourcecode.cpp.cpp; name = ZTrail.cpp; path = zoolib/ZTrail.cpp; sourceTree = "<group>"; };
		C092F2E00F5DB707001871C9 /* ZTrail.h */ = {isa = PBXFileReference; fileEncoding = 4; lastKnownFileType = sourcecode.c.h; name = ZTrail.h; path = zoolib/ZTrail.h; sourceTree = "<group>"; };
		C092F2E30F5DB707001871C9 /* ZTypes.cpp */ = {isa = PBXFileReference; fileEncoding = 4; lastKnownFileType = sourcecode.cpp.cpp; name = ZTypes.cpp; path = zoolib/ZTypes.cpp; sourceTree = "<group>"; };
		C092F2E40F5DB707001871C9 /* ZTypes.h */ = {isa = PBXFileReference; fileEncoding = 4; lastKnownFileType = sourcecode.c.h; name = ZTypes.h; path = zoolib/ZTypes.h; sourceTree = "<group>"; };
		C092F2E50F5DB707001871C9 /* ZUnicode.cpp */ = {isa = PBXFileReference; fileEncoding = 4; lastKnownFileType = sourcecode.cpp.cpp; name = ZUnicode.cpp; path = zoolib/ZUnicode.cpp; sourceTree = "<group>"; };
		C092F2E60F5DB707001871C9 /* ZUnicode.h */ = {isa = PBXFileReference; fileEncoding = 4; lastKnownFileType = sourcecode.c.h; name = ZUnicode.h; path = zoolib/ZUnicode.h; sourceTree = "<group>"; };
		C092F2E70F5DB707001871C9 /* ZUnicodePriv.h */ = {isa = PBXFileReference; fileEncoding = 4; lastKnownFileType = sourcecode.c.h; name = ZUnicodePriv.h; path = zoolib/ZUnicodePriv.h; sourceTree = "<group>"; };
		C092F2E80F5DB707001871C9 /* ZUnicodePrivB.h */ = {isa = PBXFileReference; fileEncoding = 4; lastKnownFileType = sourcecode.c.h; name = ZUnicodePrivB.h; path = zoolib/ZUnicodePrivB.h; sourceTree = "<group>"; };
		C092F2E90F5DB707001871C9 /* ZUSB_OSX.cpp */ = {isa = PBXFileReference; fileEncoding = 4; lastKnownFileType = sourcecode.cpp.cpp; name = ZUSB_OSX.cpp; path = zoolib/ZUSB_OSX.cpp; sourceTree = "<group>"; };
		C092F2EA0F5DB707001871C9 /* ZUSB_OSX.h */ = {isa = PBXFileReference; fileEncoding = 4; lastKnownFileType = sourcecode.c.h; name = ZUSB_OSX.h; path = zoolib/ZUSB_OSX.h; sourceTree = "<group>"; };
		C092F2EB0F5DB707001871C9 /* ZUtil_Debug.cpp */ = {isa = PBXFileReference; fileEncoding = 4; lastKnownFileType = sourcecode.cpp.cpp; name = ZUtil_Debug.cpp; path = zoolib/ZUtil_Debug.cpp; sourceTree = "<group>"; };
		C092F2EC0F5DB707001871C9 /* ZUtil_Debug.h */ = {isa = PBXFileReference; fileEncoding = 4; lastKnownFileType = sourcecode.c.h; name = ZUtil_Debug.h; path = zoolib/ZUtil_Debug.h; sourceTree = "<group>"; };
		C092F2EF0F5DB707001871C9 /* ZUtil_Strim_Data.cpp */ = {isa = PBXFileReference; fileEncoding = 4; lastKnownFileType = sourcecode.cpp.cpp; name = ZUtil_Strim_Data.cpp; path = zoolib/ZUtil_Strim_Data.cpp; sourceTree = "<group>"; };
		C092F2F00F5DB707001871C9 /* ZUtil_Strim_Data.h */ = {isa = PBXFileReference; fileEncoding = 4; lastKnownFileType = sourcecode.c.h; name = ZUtil_Strim_Data.h; path = zoolib/ZUtil_Strim_Data.h; sourceTree = "<group>"; };
		C092F2F30F5DB707001871C9 /* ZUtil_Time.cpp */ = {isa = PBXFileReference; fileEncoding = 4; lastKnownFileType = sourcecode.cpp.cpp; name = ZUtil_Time.cpp; path = zoolib/ZUtil_Time.cpp; sourceTree = "<group>"; };
		C092F2F40F5DB707001871C9 /* ZUtil_Time.h */ = {isa = PBXFileReference; fileEncoding = 4; lastKnownFileType = sourcecode.c.h; name = ZUtil_Time.h; path = zoolib/ZUtil_Time.h; sourceTree = "<group>"; };
		C092F2F50F5DB707001871C9 /* ZUtil_Win.cpp */ = {isa = PBXFileReference; fileEncoding = 4; lastKnownFileType = sourcecode.cpp.cpp; name = ZUtil_Win.cpp; path = zoolib/ZUtil_Win.cpp; sourceTree = "<group>"; };
		C092F2F60F5DB707001871C9 /* ZUtil_Win.h */ = {isa = PBXFileReference; fileEncoding = 4; lastKnownFileType = sourcecode.c.h; name = ZUtil_Win.h; path = zoolib/ZUtil_Win.h; sourceTree = "<group>"; };
		C092F2F70F5DB707001871C9 /* ZWinCOM.cpp */ = {isa = PBXFileReference; fileEncoding = 4; lastKnownFileType = sourcecode.cpp.cpp; name = ZWinCOM.cpp; path = zoolib/ZWinCOM.cpp; sourceTree = "<group>"; };
		C092F2F80F5DB707001871C9 /* ZWinCOM.h */ = {isa = PBXFileReference; fileEncoding = 4; lastKnownFileType = sourcecode.c.h; name = ZWinCOM.h; path = zoolib/ZWinCOM.h; sourceTree = "<group>"; };
		C092F33A0F5DB71F001871C9 /* BBDaemon_Main.cpp */ = {isa = PBXFileReference; fileEncoding = 4; lastKnownFileType = sourcecode.cpp.cpp; name = BBDaemon_Main.cpp; path = ../src/BBDaemon_Main.cpp; sourceTree = "<group>"; };
		C092F34C0F5DB85C001871C9 /* ZNet_Socket.cpp */ = {isa = PBXFileReference; fileEncoding = 4; lastKnownFileType = sourcecode.cpp.cpp; name = ZNet_Socket.cpp; path = zoolib/ZNet_Socket.cpp; sourceTree = "<group>"; };
		C092F34D0F5DB85C001871C9 /* ZNet_Socket.h */ = {isa = PBXFileReference; fileEncoding = 4; lastKnownFileType = sourcecode.c.h; name = ZNet_Socket.h; path = zoolib/ZNet_Socket.h; sourceTree = "<group>"; };
		C092F3560F5DB88D001871C9 /* IOKit.framework */ = {isa = PBXFileReference; lastKnownFileType = wrapper.framework; name = IOKit.framework; path = /System/Library/Frameworks/IOKit.framework; sourceTree = "<absolute>"; };
		C092F4320F5DB8BA001871C9 /* ZBlackBerryServer.cpp */ = {isa = PBXFileReference; fileEncoding = 4; lastKnownFileType = sourcecode.cpp.cpp; name = ZBlackBerryServer.cpp; path = zoolib/ZBlackBerryServer.cpp; sourceTree = "<group>"; };
		C092F4330F5DB8BA001871C9 /* ZBlackBerryServer.h */ = {isa = PBXFileReference; fileEncoding = 4; lastKnownFileType = sourcecode.c.h; name = ZBlackBerryServer.h; path = zoolib/ZBlackBerryServer.h; sourceTree = "<group>"; };
		C09351E60F69AEE700E7E50D /* ZStreamW_HexStrim.h */ = {isa = PBXFileReference; fileEncoding = 4; lastKnownFileType = sourcecode.c.h; name = ZStreamW_HexStrim.h; path = zoolib/ZStreamW_HexStrim.h; sourceTree = "<group>"; };
		C09351E70F69AEE700E7E50D /* ZStreamW_HexStrim.cpp */ = {isa = PBXFileReference; fileEncoding = 4; lastKnownFileType = sourcecode.cpp.cpp; name = ZStreamW_HexStrim.cpp; path = zoolib/ZStreamW_HexStrim.cpp; sourceTree = "<group>"; };
/* End PBXFileReference section */

/* Begin PBXFrameworksBuildPhase section */
		8DD76F780486A8DE00D96B5E /* Frameworks */ = {
			isa = PBXFrameworksBuildPhase;
			buildActionMask = 2147483647;
			files = (
				8DD76F790486A8DE00D96B5E /* CoreFoundation.framework in Frameworks */,
				C092F3570F5DB88D001871C9 /* IOKit.framework in Frameworks */,
			);
			runOnlyForDeploymentPostprocessing = 0;
		};
/* End PBXFrameworksBuildPhase section */

/* Begin PBXGroup section */
		08FB7794FE84155DC02AAC07 /* BBDaemon */ = {
			isa = PBXGroup;
			children = (
				C092F33A0F5DB71F001871C9 /* BBDaemon_Main.cpp */,
				C092F25A0F5DB53F001871C9 /* zoolib_cxx */,
				08FB779DFE84155DC02AAC07 /* External Frameworks and Libraries */,
				19C28FBDFE9D53C911CA2CBB /* Products */,
			);
			name = BBDaemon;
			sourceTree = "<group>";
		};
		08FB779DFE84155DC02AAC07 /* External Frameworks and Libraries */ = {
			isa = PBXGroup;
			children = (
				C092F3560F5DB88D001871C9 /* IOKit.framework */,
				09AB6884FE841BABC02AAC07 /* CoreFoundation.framework */,
			);
			name = "External Frameworks and Libraries";
			sourceTree = "<group>";
		};
		19C28FBDFE9D53C911CA2CBB /* Products */ = {
			isa = PBXGroup;
			children = (
				8DD76F7E0486A8DE00D96B5E /* BBDaemon */,
			);
			name = Products;
			sourceTree = "<group>";
		};
		C092F25A0F5DB53F001871C9 /* zoolib_cxx */ = {
			isa = PBXGroup;
			children = (
				C092F2790F5DB5CA001871C9 /* ZAtomic.cpp */,
				C092F27A0F5DB5CA001871C9 /* ZAtomic.h */,
				C092F2620F5DB58C001871C9 /* ZBlackBerry.cpp */,
				C092F2630F5DB58C001871C9 /* ZBlackBerry.h */,
				C092F2640F5DB58C001871C9 /* ZBlackBerry_BBDevMgr.cpp */,
				C092F2650F5DB58C001871C9 /* ZBlackBerry_BBDevMgr.h */,
				C092F2660F5DB58C001871C9 /* ZBlackBerry_Client.cpp */,
				C092F2670F5DB58C001871C9 /* ZBlackBerry_Client.h */,
				C092F2680F5DB58C001871C9 /* ZBlackBerry_OSXUSB.cpp */,
				C092F2690F5DB58C001871C9 /* ZBlackBerry_OSXUSB.h */,
				C092F26A0F5DB58C001871C9 /* ZBlackBerry_Streamer.cpp */,
				C092F26B0F5DB58C001871C9 /* ZBlackBerry_Streamer.h */,
				C092F26E0F5DB58C001871C9 /* ZBlackBerryCOM.cpp */,
				C092F26F0F5DB58C001871C9 /* ZBlackBerryCOM.h */,
				C092F4320F5DB8BA001871C9 /* ZBlackBerryServer.cpp */,
				C092F4330F5DB8BA001871C9 /* ZBlackBerryServer.h */,
				C092F2860F5DB707001871C9 /* ZByteSwap.cpp */,
				C092F2870F5DB707001871C9 /* ZByteSwap.h */,
				C092F2880F5DB707001871C9 /* ZCommandLine.cpp */,
				C092F2890F5DB707001871C9 /* ZCommandLine.h */,
				C092F28A0F5DB707001871C9 /* ZCommer.cpp */,
				C092F28B0F5DB707001871C9 /* ZCommer.h */,
				C092F28C0F5DB707001871C9 /* ZCompare.cpp */,
				C092F28D0F5DB707001871C9 /* ZCompare.h */,
				C092F28E0F5DB707001871C9 /* ZDebug.cpp */,
				C092F28F0F5DB707001871C9 /* ZDebug.h */,
				C092F2900F5DB707001871C9 /* ZFile.cpp */,
				C092F2910F5DB707001871C9 /* ZFile.h */,
				C092F2920F5DB707001871C9 /* ZFile_POSIX.cpp */,
				C092F2930F5DB707001871C9 /* ZFile_POSIX.h */,
				C092F2940F5DB707001871C9 /* ZLog.cpp */,
				C092F2950F5DB707001871C9 /* ZLog.h */,
				C092F2960F5DB707001871C9 /* ZMain.cpp */,
				C092F2970F5DB707001871C9 /* ZMain.h */,
				C092F2980F5DB707001871C9 /* ZMemory.cpp */,
				C092F2990F5DB707001871C9 /* ZMemory.h */,
				C092F29A0F5DB707001871C9 /* ZMemoryBlock.cpp */,
				C092F29B0F5DB707001871C9 /* ZMemoryBlock.h */,
				C092F29C0F5DB707001871C9 /* ZNet.cpp */,
				C092F29D0F5DB707001871C9 /* ZNet.h */,
				C092F29E0F5DB707001871C9 /* ZNet_Local_Socket.cpp */,
				C092F29F0F5DB707001871C9 /* ZNet_Local_Socket.h */,
				C092F2A00F5DB707001871C9 /* ZNet_Local.cpp */,
				C092F2A10F5DB707001871C9 /* ZNet_Local.h */,
				C092F2A20F5DB707001871C9 /* ZNet_Internet_WinSock.cpp */,
				C092F2A30F5DB707001871C9 /* ZNet_Internet_WinSock.h */,
				C092F2A40F5DB707001871C9 /* ZNet_Internet.cpp */,
				C092F2A50F5DB707001871C9 /* ZNet_Internet.h */,
				C092F2A60F5DB707001871C9 /* ZNet_Internet_Socket.cpp */,
				C092F2A70F5DB707001871C9 /* ZNet_Internet_Socket.h */,
				C092F34C0F5DB85C001871C9 /* ZNet_Socket.cpp */,
				C092F34D0F5DB85C001871C9 /* ZNet_Socket.h */,
				C092F2A80F5DB707001871C9 /* ZRefCFType.cpp */,
				C092F2A90F5DB707001871C9 /* ZRefCFType.h */,
				C092F2AA0F5DB707001871C9 /* ZRef.h */,
				C092F2AB0F5DB707001871C9 /* ZRefCount.cpp */,
				C092F2AC0F5DB707001871C9 /* ZRefCount.h */,
				C092F2AD0F5DB707001871C9 /* ZServer.cpp */,
				C092F2AE0F5DB707001871C9 /* ZServer.h */,
				C092F2AF0F5DB707001871C9 /* ZStdIO.h */,
				C092F2B00F5DB707001871C9 /* ZStdInt.h */,
				C092F2B10F5DB707001871C9 /* ZStdIO.cpp */,
				C092F2B20F5DB707001871C9 /* ZStream.cpp */,
				C092F2B30F5DB707001871C9 /* ZStream.h */,
				C092F2B40F5DB707001871C9 /* ZStream_Filter.cpp */,
				C092F2B50F5DB707001871C9 /* ZStream_Filter.h */,
				C092F2B70F5DB707001871C9 /* ZStream_HexStrim.h */,
				C092F2B80F5DB707001871C9 /* ZStream_Limited.cpp */,
				C092F2B90F5DB707001871C9 /* ZStream_Limited.h */,
				C092F2BA0F5DB707001871C9 /* ZStream_Memory.cpp */,
				C092F2BB0F5DB707001871C9 /* ZStream_Memory.h */,
				C092F2BC0F5DB707001871C9 /* ZStream_POSIX.cpp */,
				C092F2BD0F5DB707001871C9 /* ZStream_POSIX.h */,
				C092F2BE0F5DB707001871C9 /* ZStream_SHA1.cpp */,
				C092F2BF0F5DB707001871C9 /* ZStream_SHA1.h */,
				C09351E60F69AEE700E7E50D /* ZStreamW_HexStrim.h */,
				C09351E70F69AEE700E7E50D /* ZStreamW_HexStrim.cpp */,
				C092F2C00F5DB707001871C9 /* ZStreamer.cpp */,
				C092F2C10F5DB707001871C9 /* ZStreamer.h */,
				C092F2C20F5DB707001871C9 /* ZStreamCopier.cpp */,
				C092F2C30F5DB707001871C9 /* ZStreamCopier.h */,
				C092F2C40F5DB707001871C9 /* ZStreamReader.cpp */,
				C092F2C50F5DB707001871C9 /* ZStreamReader.h */,
				C092F2C60F5DB707001871C9 /* ZStreamWriter.cpp */,
				C092F2C70F5DB707001871C9 /* ZStreamWriter.h */,
				C092F2C80F5DB707001871C9 /* ZStrim.cpp */,
				C092F2C90F5DB707001871C9 /* ZStrim.h */,
				C092F2D00F5DB707001871C9 /* ZStrim_Stream.cpp */,
				C092F2D10F5DB707001871C9 /* ZStrim_Stream.h */,
				C092F2D20F5DB707001871C9 /* ZString.cpp */,
				C092F2D30F5DB707001871C9 /* ZString.h */,
				C092F2D40F5DB707001871C9 /* ZThread.cpp */,
				C092F2D50F5DB707001871C9 /* ZThread.h */,
				C092F2D60F5DB707001871C9 /* ZThreadImp_pthread.cpp */,
				C092F2D70F5DB707001871C9 /* ZThreadImp_pthread.h */,
				C092F2D80F5DB707001871C9 /* ZThreadImp_T.h */,
				C092F2D90F5DB707001871C9 /* ZThreadImp.cpp */,
				C092F2DA0F5DB707001871C9 /* ZThreadImp.h */,
				C092F2DB0F5DB707001871C9 /* ZTime.cpp */,
				C092F2DC0F5DB707001871C9 /* ZTime.h */,
				C092F2DF0F5DB707001871C9 /* ZTrail.cpp */,
				C092F2E00F5DB707001871C9 /* ZTrail.h */,
				C092F2E30F5DB707001871C9 /* ZTypes.cpp */,
				C092F2E40F5DB707001871C9 /* ZTypes.h */,
				C092F2E50F5DB707001871C9 /* ZUnicode.cpp */,
				C092F2E60F5DB707001871C9 /* ZUnicode.h */,
				C092F2E70F5DB707001871C9 /* ZUnicodePriv.h */,
				C092F2E80F5DB707001871C9 /* ZUnicodePrivB.h */,
				C092F2E90F5DB707001871C9 /* ZUSB_OSX.cpp */,
				C092F2EA0F5DB707001871C9 /* ZUSB_OSX.h */,
				C092F2EB0F5DB707001871C9 /* ZUtil_Debug.cpp */,
				C092F2EC0F5DB707001871C9 /* ZUtil_Debug.h */,
				C092F2EF0F5DB707001871C9 /* ZUtil_Strim_Data.cpp */,
				C092F2F00F5DB707001871C9 /* ZUtil_Strim_Data.h */,
				C092F2F30F5DB707001871C9 /* ZUtil_Time.cpp */,
				C092F2F40F5DB707001871C9 /* ZUtil_Time.h */,
				C092F2F50F5DB707001871C9 /* ZUtil_Win.cpp */,
				C092F2F60F5DB707001871C9 /* ZUtil_Win.h */,
				C092F2F70F5DB707001871C9 /* ZWinCOM.cpp */,
				C092F2F80F5DB707001871C9 /* ZWinCOM.h */,
			);
			name = zoolib_cxx;
			path = ../../../../zoolib/source/cxx;
			sourceTree = SOURCE_ROOT;
		};
/* End PBXGroup section */

/* Begin PBXNativeTarget section */
		8DD76F740486A8DE00D96B5E /* BBDaemon */ = {
			isa = PBXNativeTarget;
			buildConfigurationList = 1DEB924708733DCA0010E9CD /* Build configuration list for PBXNativeTarget "BBDaemon" */;
			buildPhases = (
				8DD76F760486A8DE00D96B5E /* Sources */,
				8DD76F780486A8DE00D96B5E /* Frameworks */,
				8DD76F7B0486A8DE00D96B5E /* CopyFiles */,
			);
			buildRules = (
			);
			dependencies = (
			);
			name = BBDaemon;
			productInstallPath = "$(HOME)/bin";
			productName = BBDaemon;
			productReference = 8DD76F7E0486A8DE00D96B5E /* BBDaemon */;
			productType = "com.apple.product-type.tool";
		};
/* End PBXNativeTarget section */

/* Begin PBXProject section */
		08FB7793FE84155DC02AAC07 /* Project object */ = {
			isa = PBXProject;
			buildConfigurationList = 1DEB924B08733DCA0010E9CD /* Build configuration list for PBXProject "BBDaemon" */;
			compatibilityVersion = "Xcode 3.1";
			hasScannedForEncodings = 1;
			mainGroup = 08FB7794FE84155DC02AAC07 /* BBDaemon */;
			projectDirPath = "";
			projectRoot = "";
			targets = (
				8DD76F740486A8DE00D96B5E /* BBDaemon */,
			);
		};
/* End PBXProject section */

/* Begin PBXSourcesBuildPhase section */
		8DD76F760486A8DE00D96B5E /* Sources */ = {
			isa = PBXSourcesBuildPhase;
			buildActionMask = 2147483647;
			files = (
				C092F2700F5DB58C001871C9 /* ZBlackBerry.cpp in Sources */,
				C092F2710F5DB58C001871C9 /* ZBlackBerry_BBDevMgr.cpp in Sources */,
				C092F2720F5DB58C001871C9 /* ZBlackBerry_Client.cpp in Sources */,
				C092F2730F5DB58C001871C9 /* ZBlackBerry_OSXUSB.cpp in Sources */,
				C092F2740F5DB58C001871C9 /* ZBlackBerry_Streamer.cpp in Sources */,
				C092F2760F5DB58C001871C9 /* ZBlackBerryCOM.cpp in Sources */,
				C092F27B0F5DB5CA001871C9 /* ZAtomic.cpp in Sources */,
				C092F2FF0F5DB707001871C9 /* ZByteSwap.cpp in Sources */,
				C092F3000F5DB707001871C9 /* ZCommandLine.cpp in Sources */,
				C092F3010F5DB707001871C9 /* ZCommer.cpp in Sources */,
				C092F3020F5DB707001871C9 /* ZCompare.cpp in Sources */,
				C092F3030F5DB707001871C9 /* ZDebug.cpp in Sources */,
				C092F3060F5DB707001871C9 /* ZLog.cpp in Sources */,
				C092F3070F5DB707001871C9 /* ZMain.cpp in Sources */,
				C092F3080F5DB707001871C9 /* ZMemory.cpp in Sources */,
				C092F3090F5DB707001871C9 /* ZMemoryBlock.cpp in Sources */,
				C092F30A0F5DB707001871C9 /* ZNet.cpp in Sources */,
				C092F30B0F5DB707001871C9 /* ZNet_Local_Socket.cpp in Sources */,
				C092F30C0F5DB707001871C9 /* ZNet_Local.cpp in Sources */,
				C092F30D0F5DB707001871C9 /* ZNet_Internet_WinSock.cpp in Sources */,
				C092F30E0F5DB707001871C9 /* ZNet_Internet.cpp in Sources */,
				C092F30F0F5DB707001871C9 /* ZNet_Internet_Socket.cpp in Sources */,
				C092F3100F5DB707001871C9 /* ZRefCFType.cpp in Sources */,
				C092F3110F5DB707001871C9 /* ZRefCount.cpp in Sources */,
				C092F3120F5DB707001871C9 /* ZServer.cpp in Sources */,
				C092F3130F5DB707001871C9 /* ZStdIO.cpp in Sources */,
				C092F3140F5DB707001871C9 /* ZStream.cpp in Sources */,
				C092F3150F5DB707001871C9 /* ZStream_Filter.cpp in Sources */,
				C092F3170F5DB707001871C9 /* ZStream_Limited.cpp in Sources */,
				C092F3180F5DB707001871C9 /* ZStream_Memory.cpp in Sources */,
				C092F3190F5DB707001871C9 /* ZStream_POSIX.cpp in Sources */,
				C092F31A0F5DB707001871C9 /* ZStream_SHA1.cpp in Sources */,
				C092F31B0F5DB707001871C9 /* ZStreamer.cpp in Sources */,
				C092F31D0F5DB707001871C9 /* ZStreamReader.cpp in Sources */,
				C092F31E0F5DB707001871C9 /* ZStreamWriter.cpp in Sources */,
				C092F31F0F5DB707001871C9 /* ZStrim.cpp in Sources */,
				C092F3230F5DB707001871C9 /* ZStrim_Stream.cpp in Sources */,
				C092F3240F5DB707001871C9 /* ZString.cpp in Sources */,
				C092F3250F5DB707001871C9 /* ZThread.cpp in Sources */,
				C092F3260F5DB707001871C9 /* ZThreadImp_pthread.cpp in Sources */,
				C092F3270F5DB707001871C9 /* ZThreadImp.cpp in Sources */,
				C092F3280F5DB707001871C9 /* ZTime.cpp in Sources */,
				C092F32A0F5DB707001871C9 /* ZTrail.cpp in Sources */,
				C092F32C0F5DB707001871C9 /* ZTypes.cpp in Sources */,
				C092F32D0F5DB707001871C9 /* ZUnicode.cpp in Sources */,
				C092F32E0F5DB707001871C9 /* ZUSB_OSX.cpp in Sources */,
				C092F32F0F5DB707001871C9 /* ZUtil_Debug.cpp in Sources */,
				C092F3310F5DB707001871C9 /* ZUtil_Strim_Data.cpp in Sources */,
				C092F3340F5DB707001871C9 /* ZUtil_Win.cpp in Sources */,
				C092F3350F5DB707001871C9 /* ZWinCOM.cpp in Sources */,
				C092F33B0F5DB71F001871C9 /* BBDaemon_Main.cpp in Sources */,
				C092F34E0F5DB85C001871C9 /* ZNet_Socket.cpp in Sources */,
				C092F4340F5DB8BA001871C9 /* ZBlackBerryServer.cpp in Sources */,
				C09351230F69A2BF00E7E50D /* ZStreamCopier.cpp in Sources */,
				C09351440F69A37D00E7E50D /* ZFile_POSIX.cpp in Sources */,
				C09351450F69A37E00E7E50D /* ZFile.cpp in Sources */,
				C09351DA0F69AD8300E7E50D /* ZUtil_Time.cpp in Sources */,
				C09351E90F69AEE700E7E50D /* ZStreamW_HexStrim.cpp in Sources */,
			);
			runOnlyForDeploymentPostprocessing = 0;
		};
/* End PBXSourcesBuildPhase section */

/* Begin XCBuildConfiguration section */
		1DEB924808733DCA0010E9CD /* Debug */ = {
			isa = XCBuildConfiguration;
			buildSettings = {
				ALWAYS_SEARCH_USER_PATHS = NO;
				COPY_PHASE_STRIP = NO;
				GCC_DYNAMIC_NO_PIC = NO;
				GCC_ENABLE_FIX_AND_CONTINUE = YES;
				GCC_MODEL_TUNING = G5;
				GCC_OPTIMIZATION_LEVEL = 0;
				INSTALL_PATH = /usr/local/bin;
				PRODUCT_NAME = BBDaemon;
			};
			name = Debug;
		};
		1DEB924908733DCA0010E9CD /* Release */ = {
			isa = XCBuildConfiguration;
			buildSettings = {
				ALWAYS_SEARCH_USER_PATHS = NO;
				DEBUG_INFORMATION_FORMAT = "dwarf-with-dsym";
				GCC_MODEL_TUNING = G5;
				INSTALL_PATH = /usr/local/bin;
				PRODUCT_NAME = BBDaemon;
			};
			name = Release;
		};
		1DEB924C08733DCA0010E9CD /* Debug */ = {
			isa = XCBuildConfiguration;
			buildSettings = {
				ARCHS = "$(ARCHS_STANDARD_32_BIT)";
				DEAD_CODE_STRIPPING = YES;
				GCC_C_LANGUAGE_STANDARD = c99;
				GCC_OPTIMIZATION_LEVEL = 0;
				GCC_WARN_ABOUT_RETURN_TYPE = YES;
				GCC_WARN_UNUSED_VARIABLE = YES;
				HEADER_SEARCH_PATHS = (
					../../../../zoolib/source/cxx,
					../../../../zoolib/source/cxx/default_config,
				);
				ONLY_ACTIVE_ARCH = YES;
				PREBINDING = NO;
				SDKROOT = macosx10.5;
			};
			name = Debug;
		};
		1DEB924D08733DCA0010E9CD /* Release */ = {
			isa = XCBuildConfiguration;
			buildSettings = {
				ARCHS = "$(ARCHS_STANDARD_32_BIT)";
				DEAD_CODE_STRIPPING = YES;
				GCC_C_LANGUAGE_STANDARD = c99;
				GCC_WARN_ABOUT_RETURN_TYPE = YES;
				GCC_WARN_UNUSED_VARIABLE = YES;
				HEADER_SEARCH_PATHS = (
					../../../../zoolib/source/cxx,
					../../../../zoolib/source/cxx/default_config,
				);
				PREBINDING = NO;
				SDKROOT = macosx10.5;
			};
			name = Release;
		};
/* End XCBuildConfiguration section */

/* Begin XCConfigurationList section */
		1DEB924708733DCA0010E9CD /* Build configuration list for PBXNativeTarget "BBDaemon" */ = {
			isa = XCConfigurationList;
			buildConfigurations = (
				1DEB924808733DCA0010E9CD /* Debug */,
				1DEB924908733DCA0010E9CD /* Release */,
			);
			defaultConfigurationIsVisible = 0;
			defaultConfigurationName = Release;
		};
		1DEB924B08733DCA0010E9CD /* Build configuration list for PBXProject "BBDaemon" */ = {
			isa = XCConfigurationList;
			buildConfigurations = (
				1DEB924C08733DCA0010E9CD /* Debug */,
				1DEB924D08733DCA0010E9CD /* Release */,
			);
			defaultConfigurationIsVisible = 0;
			defaultConfigurationName = Release;
		};
/* End XCConfigurationList section */
	};
	rootObject = 08FB7793FE84155DC02AAC07 /* Project object */;
}
